PODS:
  - Nimble (7.1.0)
  - SwiftLint (0.25.1)
  - SWXMLHash (4.6.0)

DEPENDENCIES:
  - Nimble
  - SwiftLint
  - SWXMLHash

SPEC REPOS:
  https://github.com/CocoaPods/Specs.git:
    - Nimble
    - SwiftLint
    - SWXMLHash

SPEC CHECKSUMS:
  Nimble: 9c6651c3021af6de54c3ed90a4a0a87d548f7359
  SwiftLint: ce933681be10c3266e82576dad676fa815a602e9
  SWXMLHash: 3c39a53723202800e9e1a87f14b2fe7ac1da98ec

PODFILE CHECKSUM: 5d3404b87c95a3282bbe83a7c28549def2eb7465

COCOAPODS: 1.5.0
