// !$*UTF8*$!
{
	archiveVersion = 1;
	classes = {
	};
	objectVersion = 50;
	objects = {

/* Begin PBXBuildFile section */
		06E785A4CA9195A9010BCCD3 /* Pods_IrishRailRealtime.framework in Frameworks */ = {isa = PBXBuildFile; fileRef = 6130CF1CF9A5457A9A2315F9 /* Pods_IrishRailRealtime.framework */; };
		093541303392F171004A49D2 /* Pods_IrishRailRealtimeTests.framework in Frameworks */ = {isa = PBXBuildFile; fileRef = BA1E34D2939064B5478DA267 /* Pods_IrishRailRealtimeTests.framework */; };
		204C50E320827F270059B1AE /* StationDataTests.swift in Sources */ = {isa = PBXBuildFile; fileRef = 204C50E220827F270059B1AE /* StationDataTests.swift */; };
		204C50E5208283590059B1AE /* StationData.xml in Resources */ = {isa = PBXBuildFile; fileRef = 204C50E4208283590059B1AE /* StationData.xml */; };
		204C50E72082837D0059B1AE /* StationList.xml in Resources */ = {isa = PBXBuildFile; fileRef = 204C50E62082837D0059B1AE /* StationList.xml */; };
		204C50E9208283B10059B1AE /* InvalidStationList.xml in Resources */ = {isa = PBXBuildFile; fileRef = 204C50E8208283B10059B1AE /* InvalidStationList.xml */; };
		204C50EB208283CA0059B1AE /* InvalidStationData.xml in Resources */ = {isa = PBXBuildFile; fileRef = 204C50EA208283CA0059B1AE /* InvalidStationData.xml */; };
		204C50ED208286290059B1AE /* StationListViewModelTests.swift in Sources */ = {isa = PBXBuildFile; fileRef = 204C50EC208286290059B1AE /* StationListViewModelTests.swift */; };
		204C50EF208289210059B1AE /* StationDataViewModelTests.swift in Sources */ = {isa = PBXBuildFile; fileRef = 204C50EE208289210059B1AE /* StationDataViewModelTests.swift */; };
		207E222B20821F000043F659 /* AppCoordinator.swift in Sources */ = {isa = PBXBuildFile; fileRef = 207E222A20821F000043F659 /* AppCoordinator.swift */; };
		207E222C20821F000043F659 /* AppCoordinator.swift in Sources */ = {isa = PBXBuildFile; fileRef = 207E222A20821F000043F659 /* AppCoordinator.swift */; };
		207E222F208224B50043F659 /* Result.swift in Sources */ = {isa = PBXBuildFile; fileRef = 207E222E208224B50043F659 /* Result.swift */; };
		207E2230208224B50043F659 /* Result.swift in Sources */ = {isa = PBXBuildFile; fileRef = 207E222E208224B50043F659 /* Result.swift */; };
		207E22322082482D0043F659 /* StationListCell.swift in Sources */ = {isa = PBXBuildFile; fileRef = 207E22312082482D0043F659 /* StationListCell.swift */; };
		207E22332082482D0043F659 /* StationListCell.swift in Sources */ = {isa = PBXBuildFile; fileRef = 207E22312082482D0043F659 /* StationListCell.swift */; };
		207E223920824D1D0043F659 /* StationDataListViewModel.swift in Sources */ = {isa = PBXBuildFile; fileRef = 207E223820824D1D0043F659 /* StationDataListViewModel.swift */; };
		207E223A20824D1D0043F659 /* StationDataListViewModel.swift in Sources */ = {isa = PBXBuildFile; fileRef = 207E223820824D1D0043F659 /* StationDataListViewModel.swift */; };
		207E223C20824E380043F659 /* StationData.swift in Sources */ = {isa = PBXBuildFile; fileRef = 207E223B20824E380043F659 /* StationData.swift */; };
		207E223D20824E380043F659 /* StationData.swift in Sources */ = {isa = PBXBuildFile; fileRef = 207E223B20824E380043F659 /* StationData.swift */; };
		208C95FC20821DB1003EE1BE /* StationListViewModel.swift in Sources */ = {isa = PBXBuildFile; fileRef = 208C95FB20821DB1003EE1BE /* StationListViewModel.swift */; };
		208C95FD20821DB1003EE1BE /* StationListViewModel.swift in Sources */ = {isa = PBXBuildFile; fileRef = 208C95FB20821DB1003EE1BE /* StationListViewModel.swift */; };
		20A3D28E208257120066BCE1 /* StationDataCell.swift in Sources */ = {isa = PBXBuildFile; fileRef = 20A3D28D208257120066BCE1 /* StationDataCell.swift */; };
		20A3D28F208257120066BCE1 /* StationDataCell.swift in Sources */ = {isa = PBXBuildFile; fileRef = 20A3D28D208257120066BCE1 /* StationDataCell.swift */; };
		20A3D29120825A040066BCE1 /* ListViewController.swift in Sources */ = {isa = PBXBuildFile; fileRef = 20A3D29020825A040066BCE1 /* ListViewController.swift */; };
		20A3D29220825A040066BCE1 /* ListViewController.swift in Sources */ = {isa = PBXBuildFile; fileRef = 20A3D29020825A040066BCE1 /* ListViewController.swift */; };
		20A3D29720825F8C0066BCE1 /* StationListViewController.swift in Sources */ = {isa = PBXBuildFile; fileRef = 20A3D29620825F8C0066BCE1 /* StationListViewController.swift */; };
		20A3D29820825F8C0066BCE1 /* StationListViewController.swift in Sources */ = {isa = PBXBuildFile; fileRef = 20A3D29620825F8C0066BCE1 /* StationListViewController.swift */; };
		20A3D29A208265A60066BCE1 /* StationDataViewController.swift in Sources */ = {isa = PBXBuildFile; fileRef = 20A3D299208265A60066BCE1 /* StationDataViewController.swift */; };
		20A3D29B208265A60066BCE1 /* StationDataViewController.swift in Sources */ = {isa = PBXBuildFile; fileRef = 20A3D299208265A60066BCE1 /* StationDataViewController.swift */; };
		20A9B95A2080072400A95167 /* ApiClient.swift in Sources */ = {isa = PBXBuildFile; fileRef = 20A9B9592080072400A95167 /* ApiClient.swift */; };
		20A9B95B2080072400A95167 /* ApiClient.swift in Sources */ = {isa = PBXBuildFile; fileRef = 20A9B9592080072400A95167 /* ApiClient.swift */; };
		20A9B95F2080083C00A95167 /* Station.swift in Sources */ = {isa = PBXBuildFile; fileRef = 20A9B95E2080083C00A95167 /* Station.swift */; };
		20A9B9602080083C00A95167 /* Station.swift in Sources */ = {isa = PBXBuildFile; fileRef = 20A9B95E2080083C00A95167 /* Station.swift */; };
		20A9B9622080096D00A95167 /* StationListTests.swift in Sources */ = {isa = PBXBuildFile; fileRef = 20A9B9612080096D00A95167 /* StationListTests.swift */; };
		20E3574D207FDEDF0038AE02 /* AppDelegate.swift in Sources */ = {isa = PBXBuildFile; fileRef = 20E3574C207FDEDF0038AE02 /* AppDelegate.swift */; };
		20E35752207FDEDF0038AE02 /* Main.storyboard in Resources */ = {isa = PBXBuildFile; fileRef = 20E35750207FDEDF0038AE02 /* Main.storyboard */; };
		20E35754207FDEE00038AE02 /* Assets.xcassets in Resources */ = {isa = PBXBuildFile; fileRef = 20E35753207FDEE00038AE02 /* Assets.xcassets */; };
		20E35757207FDEE00038AE02 /* LaunchScreen.storyboard in Resources */ = {isa = PBXBuildFile; fileRef = 20E35755207FDEE00038AE02 /* LaunchScreen.storyboard */; };
		20E35762207FDEE00038AE02 /* NetworkClientTests.swift in Sources */ = {isa = PBXBuildFile; fileRef = 20E35761207FDEE00038AE02 /* NetworkClientTests.swift */; };
		20E35774207FE12F0038AE02 /* NetworkClient.swift in Sources */ = {isa = PBXBuildFile; fileRef = 20E35773207FE12F0038AE02 /* NetworkClient.swift */; };
		20E35775207FE12F0038AE02 /* NetworkClient.swift in Sources */ = {isa = PBXBuildFile; fileRef = 20E35773207FE12F0038AE02 /* NetworkClient.swift */; };
/* End PBXBuildFile section */

/* Begin PBXContainerItemProxy section */
		20E3575E207FDEE00038AE02 /* PBXContainerItemProxy */ = {
			isa = PBXContainerItemProxy;
			containerPortal = 20E35741207FDEDF0038AE02 /* Project object */;
			proxyType = 1;
			remoteGlobalIDString = 20E35748207FDEDF0038AE02;
			remoteInfo = IrishRailRealtime;
		};
/* End PBXContainerItemProxy section */

/* Begin PBXFileReference section */
		204C50E220827F270059B1AE /* StationDataTests.swift */ = {isa = PBXFileReference; lastKnownFileType = sourcecode.swift; path = StationDataTests.swift; sourceTree = "<group>"; };
		204C50E4208283590059B1AE /* StationData.xml */ = {isa = PBXFileReference; lastKnownFileType = text.xml; path = StationData.xml; sourceTree = "<group>"; };
		204C50E62082837D0059B1AE /* StationList.xml */ = {isa = PBXFileReference; lastKnownFileType = text.xml; path = StationList.xml; sourceTree = "<group>"; };
		204C50E8208283B10059B1AE /* InvalidStationList.xml */ = {isa = PBXFileReference; lastKnownFileType = text.xml; path = InvalidStationList.xml; sourceTree = "<group>"; };
		204C50EA208283CA0059B1AE /* InvalidStationData.xml */ = {isa = PBXFileReference; lastKnownFileType = text.xml; path = InvalidStationData.xml; sourceTree = "<group>"; };
		204C50EC208286290059B1AE /* StationListViewModelTests.swift */ = {isa = PBXFileReference; lastKnownFileType = sourcecode.swift; path = StationListViewModelTests.swift; sourceTree = "<group>"; };
		204C50EE208289210059B1AE /* StationDataViewModelTests.swift */ = {isa = PBXFileReference; lastKnownFileType = sourcecode.swift; path = StationDataViewModelTests.swift; sourceTree = "<group>"; };
		207E222A20821F000043F659 /* AppCoordinator.swift */ = {isa = PBXFileReference; lastKnownFileType = sourcecode.swift; path = AppCoordinator.swift; sourceTree = "<group>"; };
		207E222E208224B50043F659 /* Result.swift */ = {isa = PBXFileReference; lastKnownFileType = sourcecode.swift; path = Result.swift; sourceTree = "<group>"; };
		207E22312082482D0043F659 /* StationListCell.swift */ = {isa = PBXFileReference; lastKnownFileType = sourcecode.swift; path = StationListCell.swift; sourceTree = "<group>"; };
		207E223820824D1D0043F659 /* StationDataListViewModel.swift */ = {isa = PBXFileReference; lastKnownFileType = sourcecode.swift; path = StationDataListViewModel.swift; sourceTree = "<group>"; };
		207E223B20824E380043F659 /* StationData.swift */ = {isa = PBXFileReference; lastKnownFileType = sourcecode.swift; path = StationData.swift; sourceTree = "<group>"; };
		207E223E208250DA0043F659 /* _StationDataViewController.swift */ = {isa = PBXFileReference; fileEncoding = 4; lastKnownFileType = sourcecode.swift; path = _StationDataViewController.swift; sourceTree = "<group>"; };
		208C95FB20821DB1003EE1BE /* StationListViewModel.swift */ = {isa = PBXFileReference; lastKnownFileType = sourcecode.swift; path = StationListViewModel.swift; sourceTree = "<group>"; };
		20A3D28D208257120066BCE1 /* StationDataCell.swift */ = {isa = PBXFileReference; lastKnownFileType = sourcecode.swift; path = StationDataCell.swift; sourceTree = "<group>"; };
		20A3D29020825A040066BCE1 /* ListViewController.swift */ = {isa = PBXFileReference; lastKnownFileType = sourcecode.swift; path = ListViewController.swift; sourceTree = "<group>"; };
		20A3D29620825F8C0066BCE1 /* StationListViewController.swift */ = {isa = PBXFileReference; lastKnownFileType = sourcecode.swift; path = StationListViewController.swift; sourceTree = "<group>"; };
		20A3D299208265A60066BCE1 /* StationDataViewController.swift */ = {isa = PBXFileReference; lastKnownFileType = sourcecode.swift; path = StationDataViewController.swift; sourceTree = "<group>"; };
		20A9B9592080072400A95167 /* ApiClient.swift */ = {isa = PBXFileReference; lastKnownFileType = sourcecode.swift; path = ApiClient.swift; sourceTree = "<group>"; };
		20A9B95E2080083C00A95167 /* Station.swift */ = {isa = PBXFileReference; lastKnownFileType = sourcecode.swift; path = Station.swift; sourceTree = "<group>"; };
		20A9B9612080096D00A95167 /* StationListTests.swift */ = {isa = PBXFileReference; lastKnownFileType = sourcecode.swift; path = StationListTests.swift; sourceTree = "<group>"; };
		20E35749207FDEDF0038AE02 /* IrishRailRealtime.app */ = {isa = PBXFileReference; explicitFileType = wrapper.application; includeInIndex = 0; path = IrishRailRealtime.app; sourceTree = BUILT_PRODUCTS_DIR; };
		20E3574C207FDEDF0038AE02 /* AppDelegate.swift */ = {isa = PBXFileReference; lastKnownFileType = sourcecode.swift; path = AppDelegate.swift; sourceTree = "<group>"; };
		20E3574E207FDEDF0038AE02 /* _StationListViewController.swift */ = {isa = PBXFileReference; lastKnownFileType = sourcecode.swift; path = _StationListViewController.swift; sourceTree = "<group>"; };
		20E35751207FDEDF0038AE02 /* Base */ = {isa = PBXFileReference; lastKnownFileType = file.storyboard; name = Base; path = Base.lproj/Main.storyboard; sourceTree = "<group>"; };
		20E35753207FDEE00038AE02 /* Assets.xcassets */ = {isa = PBXFileReference; lastKnownFileType = folder.assetcatalog; path = Assets.xcassets; sourceTree = "<group>"; };
		20E35756207FDEE00038AE02 /* Base */ = {isa = PBXFileReference; lastKnownFileType = file.storyboard; name = Base; path = Base.lproj/LaunchScreen.storyboard; sourceTree = "<group>"; };
		20E35758207FDEE00038AE02 /* Info.plist */ = {isa = PBXFileReference; lastKnownFileType = text.plist.xml; path = Info.plist; sourceTree = "<group>"; };
		20E3575D207FDEE00038AE02 /* IrishRailRealtimeTests.xctest */ = {isa = PBXFileReference; explicitFileType = wrapper.cfbundle; includeInIndex = 0; path = IrishRailRealtimeTests.xctest; sourceTree = BUILT_PRODUCTS_DIR; };
		20E35761207FDEE00038AE02 /* NetworkClientTests.swift */ = {isa = PBXFileReference; lastKnownFileType = sourcecode.swift; path = NetworkClientTests.swift; sourceTree = "<group>"; };
		20E35763207FDEE00038AE02 /* Info.plist */ = {isa = PBXFileReference; lastKnownFileType = text.plist.xml; path = Info.plist; sourceTree = "<group>"; };
		20E35773207FE12F0038AE02 /* NetworkClient.swift */ = {isa = PBXFileReference; lastKnownFileType = sourcecode.swift; path = NetworkClient.swift; sourceTree = "<group>"; };
		2F31B980F458E70F74611391 /* Pods-IrishRailRealtime.debug.xcconfig */ = {isa = PBXFileReference; includeInIndex = 1; lastKnownFileType = text.xcconfig; name = "Pods-IrishRailRealtime.debug.xcconfig"; path = "Pods/Target Support Files/Pods-IrishRailRealtime/Pods-IrishRailRealtime.debug.xcconfig"; sourceTree = "<group>"; };
		528ED376B53A152FF4408CF4 /* Pods-IrishRailRealtime.release.xcconfig */ = {isa = PBXFileReference; includeInIndex = 1; lastKnownFileType = text.xcconfig; name = "Pods-IrishRailRealtime.release.xcconfig"; path = "Pods/Target Support Files/Pods-IrishRailRealtime/Pods-IrishRailRealtime.release.xcconfig"; sourceTree = "<group>"; };
		6130CF1CF9A5457A9A2315F9 /* Pods_IrishRailRealtime.framework */ = {isa = PBXFileReference; explicitFileType = wrapper.framework; includeInIndex = 0; path = Pods_IrishRailRealtime.framework; sourceTree = BUILT_PRODUCTS_DIR; };
		6CC6101DF4BE7E5D0DC908B0 /* Pods-IrishRailRealtimeTests.release.xcconfig */ = {isa = PBXFileReference; includeInIndex = 1; lastKnownFileType = text.xcconfig; name = "Pods-IrishRailRealtimeTests.release.xcconfig"; path = "Pods/Target Support Files/Pods-IrishRailRealtimeTests/Pods-IrishRailRealtimeTests.release.xcconfig"; sourceTree = "<group>"; };
		A3F2760720BACB0F3DF3F1CD /* Pods-IrishRailRealtimeTests.debug.xcconfig */ = {isa = PBXFileReference; includeInIndex = 1; lastKnownFileType = text.xcconfig; name = "Pods-IrishRailRealtimeTests.debug.xcconfig"; path = "Pods/Target Support Files/Pods-IrishRailRealtimeTests/Pods-IrishRailRealtimeTests.debug.xcconfig"; sourceTree = "<group>"; };
		BA1E34D2939064B5478DA267 /* Pods_IrishRailRealtimeTests.framework */ = {isa = PBXFileReference; explicitFileType = wrapper.framework; includeInIndex = 0; path = Pods_IrishRailRealtimeTests.framework; sourceTree = BUILT_PRODUCTS_DIR; };
/* End PBXFileReference section */

/* Begin PBXFrameworksBuildPhase section */
		20E35746207FDEDF0038AE02 /* Frameworks */ = {
			isa = PBXFrameworksBuildPhase;
			buildActionMask = 2147483647;
			files = (
				06E785A4CA9195A9010BCCD3 /* Pods_IrishRailRealtime.framework in Frameworks */,
			);
			runOnlyForDeploymentPostprocessing = 0;
		};
		20E3575A207FDEE00038AE02 /* Frameworks */ = {
			isa = PBXFrameworksBuildPhase;
			buildActionMask = 2147483647;
			files = (
				093541303392F171004A49D2 /* Pods_IrishRailRealtimeTests.framework in Frameworks */,
			);
			runOnlyForDeploymentPostprocessing = 0;
		};
/* End PBXFrameworksBuildPhase section */

/* Begin PBXGroup section */
		035D57ECAF8449634CD2350C /* Pods */ = {
			isa = PBXGroup;
			children = (
				2F31B980F458E70F74611391 /* Pods-IrishRailRealtime.debug.xcconfig */,
				528ED376B53A152FF4408CF4 /* Pods-IrishRailRealtime.release.xcconfig */,
				A3F2760720BACB0F3DF3F1CD /* Pods-IrishRailRealtimeTests.debug.xcconfig */,
				6CC6101DF4BE7E5D0DC908B0 /* Pods-IrishRailRealtimeTests.release.xcconfig */,
			);
			name = Pods;
			sourceTree = "<group>";
		};
		207E222D208224A90043F659 /* Utilities */ = {
			isa = PBXGroup;
			children = (
				207E222E208224B50043F659 /* Result.swift */,
				20A3D29020825A040066BCE1 /* ListViewController.swift */,
			);
			path = Utilities;
			sourceTree = "<group>";
		};
		207E223420824CB70043F659 /* StationData */ = {
			isa = PBXGroup;
			children = (
				207E223E208250DA0043F659 /* _StationDataViewController.swift */,
				20A3D299208265A60066BCE1 /* StationDataViewController.swift */,
				207E223820824D1D0043F659 /* StationDataListViewModel.swift */,
				20A3D28D208257120066BCE1 /* StationDataCell.swift */,
			);
			path = StationData;
			sourceTree = "<group>";
		};
		20A9B9582080071100A95167 /* Api */ = {
			isa = PBXGroup;
			children = (
				20A9B9592080072400A95167 /* ApiClient.swift */,
			);
			path = Api;
			sourceTree = "<group>";
		};
		20A9B95C2080082600A95167 /* Models */ = {
			isa = PBXGroup;
			children = (
				20A9B95E2080083C00A95167 /* Station.swift */,
				207E223B20824E380043F659 /* StationData.swift */,
			);
			path = Models;
			sourceTree = "<group>";
		};
		20E35740207FDEDF0038AE02 = {
			isa = PBXGroup;
			children = (
				20E3574B207FDEDF0038AE02 /* IrishRailRealtime */,
				20E35760207FDEE00038AE02 /* IrishRailRealtimeTests */,
				20E3574A207FDEDF0038AE02 /* Products */,
				035D57ECAF8449634CD2350C /* Pods */,
				7953686FD8B7EF52C786AB1B /* Frameworks */,
			);
			sourceTree = "<group>";
		};
		20E3574A207FDEDF0038AE02 /* Products */ = {
			isa = PBXGroup;
			children = (
				20E35749207FDEDF0038AE02 /* IrishRailRealtime.app */,
				20E3575D207FDEE00038AE02 /* IrishRailRealtimeTests.xctest */,
			);
			name = Products;
			sourceTree = "<group>";
		};
		20E3574B207FDEDF0038AE02 /* IrishRailRealtime */ = {
			isa = PBXGroup;
			children = (
				20E3576D207FDFD60038AE02 /* Features */,
				20A9B95C2080082600A95167 /* Models */,
				20E35771207FE10B0038AE02 /* Services */,
				207E222D208224A90043F659 /* Utilities */,
				20E3576F207FE0110038AE02 /* Assets */,
				20E3576C207FDF9F0038AE02 /* Supporting files */,
			);
			path = IrishRailRealtime;
			sourceTree = "<group>";
		};
		20E35760207FDEE00038AE02 /* IrishRailRealtimeTests */ = {
			isa = PBXGroup;
			children = (
				20E35763207FDEE00038AE02 /* Info.plist */,
				20E35761207FDEE00038AE02 /* NetworkClientTests.swift */,
				204C50E220827F270059B1AE /* StationDataTests.swift */,
				204C50EE208289210059B1AE /* StationDataViewModelTests.swift */,
				20A9B9612080096D00A95167 /* StationListTests.swift */,
				204C50EC208286290059B1AE /* StationListViewModelTests.swift */,
				204C50EA208283CA0059B1AE /* InvalidStationData.xml */,
				204C50E8208283B10059B1AE /* InvalidStationList.xml */,
				204C50E4208283590059B1AE /* StationData.xml */,
				204C50E62082837D0059B1AE /* StationList.xml */,
			);
			path = IrishRailRealtimeTests;
			sourceTree = "<group>";
		};
		20E3576C207FDF9F0038AE02 /* Supporting files */ = {
			isa = PBXGroup;
			children = (
				20E35758207FDEE00038AE02 /* Info.plist */,
			);
			path = "Supporting files";
			sourceTree = "<group>";
		};
		20E3576D207FDFD60038AE02 /* Features */ = {
			isa = PBXGroup;
			children = (
				20E3576E207FE0040038AE02 /* Main */,
				20E35770207FE0870038AE02 /* StationList */,
				207E223420824CB70043F659 /* StationData */,
			);
			path = Features;
			sourceTree = "<group>";
		};
		20E3576E207FE0040038AE02 /* Main */ = {
			isa = PBXGroup;
			children = (
				20E3574C207FDEDF0038AE02 /* AppDelegate.swift */,
				207E222A20821F000043F659 /* AppCoordinator.swift */,
			);
			path = Main;
			sourceTree = "<group>";
		};
		20E3576F207FE0110038AE02 /* Assets */ = {
			isa = PBXGroup;
			children = (
				20E35753207FDEE00038AE02 /* Assets.xcassets */,
				20E35755207FDEE00038AE02 /* LaunchScreen.storyboard */,
				20E35750207FDEDF0038AE02 /* Main.storyboard */,
			);
			path = Assets;
			sourceTree = "<group>";
		};
		20E35770207FE0870038AE02 /* StationList */ = {
			isa = PBXGroup;
			children = (
				20E3574E207FDEDF0038AE02 /* _StationListViewController.swift */,
				20A3D29620825F8C0066BCE1 /* StationListViewController.swift */,
				208C95FB20821DB1003EE1BE /* StationListViewModel.swift */,
				207E22312082482D0043F659 /* StationListCell.swift */,
			);
			path = StationList;
			sourceTree = "<group>";
		};
		20E35771207FE10B0038AE02 /* Services */ = {
			isa = PBXGroup;
			children = (
				20A9B9582080071100A95167 /* Api */,
				20E35772207FE1130038AE02 /* Network */,
			);
			path = Services;
			sourceTree = "<group>";
		};
		20E35772207FE1130038AE02 /* Network */ = {
			isa = PBXGroup;
			children = (
				20E35773207FE12F0038AE02 /* NetworkClient.swift */,
			);
			path = Network;
			sourceTree = "<group>";
		};
		7953686FD8B7EF52C786AB1B /* Frameworks */ = {
			isa = PBXGroup;
			children = (
				6130CF1CF9A5457A9A2315F9 /* Pods_IrishRailRealtime.framework */,
				BA1E34D2939064B5478DA267 /* Pods_IrishRailRealtimeTests.framework */,
			);
			name = Frameworks;
			sourceTree = "<group>";
		};
/* End PBXGroup section */

/* Begin PBXNativeTarget section */
		20E35748207FDEDF0038AE02 /* IrishRailRealtime */ = {
			isa = PBXNativeTarget;
			buildConfigurationList = 20E35766207FDEE00038AE02 /* Build configuration list for PBXNativeTarget "IrishRailRealtime" */;
			buildPhases = (
				51762CD4A88D3B1F3CBF4A01 /* [CP] Check Pods Manifest.lock */,
				20E35745207FDEDF0038AE02 /* Sources */,
				20A9B96320800B6B00A95167 /* Swift Lint */,
				20E35746207FDEDF0038AE02 /* Frameworks */,
				20E35747207FDEDF0038AE02 /* Resources */,
				116C81E05193377753A41398 /* [CP] Embed Pods Frameworks */,
			);
			buildRules = (
			);
			dependencies = (
			);
			name = IrishRailRealtime;
			productName = IrishRailRealtime;
			productReference = 20E35749207FDEDF0038AE02 /* IrishRailRealtime.app */;
			productType = "com.apple.product-type.application";
		};
		20E3575C207FDEE00038AE02 /* IrishRailRealtimeTests */ = {
			isa = PBXNativeTarget;
			buildConfigurationList = 20E35769207FDEE00038AE02 /* Build configuration list for PBXNativeTarget "IrishRailRealtimeTests" */;
			buildPhases = (
				9FD43840BD26504D195E0FD0 /* [CP] Check Pods Manifest.lock */,
				20E35759207FDEE00038AE02 /* Sources */,
				20A9B96420800B8A00A95167 /* Swift Lint */,
				20E3575A207FDEE00038AE02 /* Frameworks */,
				20E3575B207FDEE00038AE02 /* Resources */,
				F3EDA1FB852E2422C9970BAF /* [CP] Embed Pods Frameworks */,
			);
			buildRules = (
			);
			dependencies = (
				20E3575F207FDEE00038AE02 /* PBXTargetDependency */,
			);
			name = IrishRailRealtimeTests;
			productName = IrishRailRealtimeTests;
			productReference = 20E3575D207FDEE00038AE02 /* IrishRailRealtimeTests.xctest */;
			productType = "com.apple.product-type.bundle.unit-test";
		};
/* End PBXNativeTarget section */

/* Begin PBXProject section */
		20E35741207FDEDF0038AE02 /* Project object */ = {
			isa = PBXProject;
			attributes = {
				LastSwiftUpdateCheck = 0930;
				LastUpgradeCheck = 0930;
				ORGANIZATIONNAME = "Adriano Goncalves";
				TargetAttributes = {
					20E35748207FDEDF0038AE02 = {
						CreatedOnToolsVersion = 9.3;
					};
					20E3575C207FDEE00038AE02 = {
						CreatedOnToolsVersion = 9.3;
						TestTargetID = 20E35748207FDEDF0038AE02;
					};
				};
			};
			buildConfigurationList = 20E35744207FDEDF0038AE02 /* Build configuration list for PBXProject "IrishRailRealtime" */;
			compatibilityVersion = "Xcode 9.3";
			developmentRegion = en;
			hasScannedForEncodings = 0;
			knownRegions = (
				en,
				Base,
			);
			mainGroup = 20E35740207FDEDF0038AE02;
			productRefGroup = 20E3574A207FDEDF0038AE02 /* Products */;
			projectDirPath = "";
			projectRoot = "";
			targets = (
				20E35748207FDEDF0038AE02 /* IrishRailRealtime */,
				20E3575C207FDEE00038AE02 /* IrishRailRealtimeTests */,
			);
		};
/* End PBXProject section */

/* Begin PBXResourcesBuildPhase section */
		20E35747207FDEDF0038AE02 /* Resources */ = {
			isa = PBXResourcesBuildPhase;
			buildActionMask = 2147483647;
			files = (
				20E35757207FDEE00038AE02 /* LaunchScreen.storyboard in Resources */,
				20E35754207FDEE00038AE02 /* Assets.xcassets in Resources */,
				20E35752207FDEDF0038AE02 /* Main.storyboard in Resources */,
			);
			runOnlyForDeploymentPostprocessing = 0;
		};
		20E3575B207FDEE00038AE02 /* Resources */ = {
			isa = PBXResourcesBuildPhase;
			buildActionMask = 2147483647;
			files = (
				204C50EB208283CA0059B1AE /* InvalidStationData.xml in Resources */,
				204C50E9208283B10059B1AE /* InvalidStationList.xml in Resources */,
				204C50E72082837D0059B1AE /* StationList.xml in Resources */,
				204C50E5208283590059B1AE /* StationData.xml in Resources */,
			);
			runOnlyForDeploymentPostprocessing = 0;
		};
/* End PBXResourcesBuildPhase section */

/* Begin PBXShellScriptBuildPhase section */
		116C81E05193377753A41398 /* [CP] Embed Pods Frameworks */ = {
			isa = PBXShellScriptBuildPhase;
			buildActionMask = 2147483647;
			files = (
			);
			inputPaths = (
				"${SRCROOT}/Pods/Target Support Files/Pods-IrishRailRealtime/Pods-IrishRailRealtime-frameworks.sh",
				"${BUILT_PRODUCTS_DIR}/SWXMLHash/SWXMLHash.framework",
			);
			name = "[CP] Embed Pods Frameworks";
			outputPaths = (
				"${TARGET_BUILD_DIR}/${FRAMEWORKS_FOLDER_PATH}/SWXMLHash.framework",
			);
			runOnlyForDeploymentPostprocessing = 0;
			shellPath = /bin/sh;
			shellScript = "\"${SRCROOT}/Pods/Target Support Files/Pods-IrishRailRealtime/Pods-IrishRailRealtime-frameworks.sh\"\n";
			showEnvVarsInLog = 0;
		};
		20A9B96320800B6B00A95167 /* Swift Lint */ = {
			isa = PBXShellScriptBuildPhase;
			buildActionMask = 2147483647;
			files = (
			);
			inputPaths = (
			);
			name = "Swift Lint";
			outputPaths = (
			);
			runOnlyForDeploymentPostprocessing = 0;
			shellPath = /bin/sh;
			shellScript = "\"${PODS_ROOT}/SwiftLint/swiftlint\"";
		};
		20A9B96420800B8A00A95167 /* Swift Lint */ = {
			isa = PBXShellScriptBuildPhase;
			buildActionMask = 2147483647;
			files = (
			);
			inputPaths = (
			);
			name = "Swift Lint";
			outputPaths = (
			);
			runOnlyForDeploymentPostprocessing = 0;
			shellPath = /bin/sh;
			shellScript = "\"${PODS_ROOT}/SwiftLint/swiftlint\"";
		};
		51762CD4A88D3B1F3CBF4A01 /* [CP] Check Pods Manifest.lock */ = {
			isa = PBXShellScriptBuildPhase;
			buildActionMask = 2147483647;
			files = (
			);
			inputPaths = (
				"${PODS_PODFILE_DIR_PATH}/Podfile.lock",
				"${PODS_ROOT}/Manifest.lock",
			);
			name = "[CP] Check Pods Manifest.lock";
			outputPaths = (
				"$(DERIVED_FILE_DIR)/Pods-IrishRailRealtime-checkManifestLockResult.txt",
			);
			runOnlyForDeploymentPostprocessing = 0;
			shellPath = /bin/sh;
			shellScript = "diff \"${PODS_PODFILE_DIR_PATH}/Podfile.lock\" \"${PODS_ROOT}/Manifest.lock\" > /dev/null\nif [ $? != 0 ] ; then\n    # print error to STDERR\n    echo \"error: The sandbox is not in sync with the Podfile.lock. Run 'pod install' or update your CocoaPods installation.\" >&2\n    exit 1\nfi\n# This output is used by Xcode 'outputs' to avoid re-running this script phase.\necho \"SUCCESS\" > \"${SCRIPT_OUTPUT_FILE_0}\"\n";
			showEnvVarsInLog = 0;
		};
		9FD43840BD26504D195E0FD0 /* [CP] Check Pods Manifest.lock */ = {
			isa = PBXShellScriptBuildPhase;
			buildActionMask = 2147483647;
			files = (
			);
			inputPaths = (
				"${PODS_PODFILE_DIR_PATH}/Podfile.lock",
				"${PODS_ROOT}/Manifest.lock",
			);
			name = "[CP] Check Pods Manifest.lock";
			outputPaths = (
				"$(DERIVED_FILE_DIR)/Pods-IrishRailRealtimeTests-checkManifestLockResult.txt",
			);
			runOnlyForDeploymentPostprocessing = 0;
			shellPath = /bin/sh;
			shellScript = "diff \"${PODS_PODFILE_DIR_PATH}/Podfile.lock\" \"${PODS_ROOT}/Manifest.lock\" > /dev/null\nif [ $? != 0 ] ; then\n    # print error to STDERR\n    echo \"error: The sandbox is not in sync with the Podfile.lock. Run 'pod install' or update your CocoaPods installation.\" >&2\n    exit 1\nfi\n# This output is used by Xcode 'outputs' to avoid re-running this script phase.\necho \"SUCCESS\" > \"${SCRIPT_OUTPUT_FILE_0}\"\n";
			showEnvVarsInLog = 0;
		};
		F3EDA1FB852E2422C9970BAF /* [CP] Embed Pods Frameworks */ = {
			isa = PBXShellScriptBuildPhase;
			buildActionMask = 2147483647;
			files = (
			);
			inputPaths = (
				"${SRCROOT}/Pods/Target Support Files/Pods-IrishRailRealtimeTests/Pods-IrishRailRealtimeTests-frameworks.sh",
				"${BUILT_PRODUCTS_DIR}/Nimble/Nimble.framework",
			);
			name = "[CP] Embed Pods Frameworks";
			outputPaths = (
				"${TARGET_BUILD_DIR}/${FRAMEWORKS_FOLDER_PATH}/Nimble.framework",
			);
			runOnlyForDeploymentPostprocessing = 0;
			shellPath = /bin/sh;
			shellScript = "\"${SRCROOT}/Pods/Target Support Files/Pods-IrishRailRealtimeTests/Pods-IrishRailRealtimeTests-frameworks.sh\"\n";
			showEnvVarsInLog = 0;
		};
/* End PBXShellScriptBuildPhase section */

/* Begin PBXSourcesBuildPhase section */
		20E35745207FDEDF0038AE02 /* Sources */ = {
			isa = PBXSourcesBuildPhase;
			buildActionMask = 2147483647;
			files = (
				20A9B95F2080083C00A95167 /* Station.swift in Sources */,
				20E3574D207FDEDF0038AE02 /* AppDelegate.swift in Sources */,
				20A3D29720825F8C0066BCE1 /* StationListViewController.swift in Sources */,
				208C95FC20821DB1003EE1BE /* StationListViewModel.swift in Sources */,
				207E223C20824E380043F659 /* StationData.swift in Sources */,
				20A3D29120825A040066BCE1 /* ListViewController.swift in Sources */,
				20E35774207FE12F0038AE02 /* NetworkClient.swift in Sources */,
				20A9B95A2080072400A95167 /* ApiClient.swift in Sources */,
				207E222F208224B50043F659 /* Result.swift in Sources */,
				207E223920824D1D0043F659 /* StationDataListViewModel.swift in Sources */,
				207E22322082482D0043F659 /* StationListCell.swift in Sources */,
				20A3D28E208257120066BCE1 /* StationDataCell.swift in Sources */,
				207E222B20821F000043F659 /* AppCoordinator.swift in Sources */,
				20A3D29A208265A60066BCE1 /* StationDataViewController.swift in Sources */,
			);
			runOnlyForDeploymentPostprocessing = 0;
		};
		20E35759207FDEE00038AE02 /* Sources */ = {
			isa = PBXSourcesBuildPhase;
			buildActionMask = 2147483647;
			files = (
				204C50E320827F270059B1AE /* StationDataTests.swift in Sources */,
				204C50EF208289210059B1AE /* StationDataViewModelTests.swift in Sources */,
				20A3D29B208265A60066BCE1 /* StationDataViewController.swift in Sources */,
				20A9B9622080096D00A95167 /* StationListTests.swift in Sources */,
				204C50ED208286290059B1AE /* StationListViewModelTests.swift in Sources */,
				20E35762207FDEE00038AE02 /* NetworkClientTests.swift in Sources */,
				20A9B9602080083C00A95167 /* Station.swift in Sources */,
				208C95FD20821DB1003EE1BE /* StationListViewModel.swift in Sources */,
				207E223D20824E380043F659 /* StationData.swift in Sources */,
				20E35775207FE12F0038AE02 /* NetworkClient.swift in Sources */,
				20A9B95B2080072400A95167 /* ApiClient.swift in Sources */,
				20A3D29220825A040066BCE1 /* ListViewController.swift in Sources */,
				20A3D28F208257120066BCE1 /* StationDataCell.swift in Sources */,
				207E2230208224B50043F659 /* Result.swift in Sources */,
				20A3D29820825F8C0066BCE1 /* StationListViewController.swift in Sources */,
				207E223A20824D1D0043F659 /* StationDataListViewModel.swift in Sources */,
				207E22332082482D0043F659 /* StationListCell.swift in Sources */,
				207E222C20821F000043F659 /* AppCoordinator.swift in Sources */,
			);
			runOnlyForDeploymentPostprocessing = 0;
		};
/* End PBXSourcesBuildPhase section */

/* Begin PBXTargetDependency section */
		20E3575F207FDEE00038AE02 /* PBXTargetDependency */ = {
			isa = PBXTargetDependency;
			target = 20E35748207FDEDF0038AE02 /* IrishRailRealtime */;
			targetProxy = 20E3575E207FDEE00038AE02 /* PBXContainerItemProxy */;
		};
/* End PBXTargetDependency section */

/* Begin PBXVariantGroup section */
		20E35750207FDEDF0038AE02 /* Main.storyboard */ = {
			isa = PBXVariantGroup;
			children = (
				20E35751207FDEDF0038AE02 /* Base */,
			);
			name = Main.storyboard;
			sourceTree = "<group>";
		};
		20E35755207FDEE00038AE02 /* LaunchScreen.storyboard */ = {
			isa = PBXVariantGroup;
			children = (
				20E35756207FDEE00038AE02 /* Base */,
			);
			name = LaunchScreen.storyboard;
			sourceTree = "<group>";
		};
/* End PBXVariantGroup section */

/* Begin XCBuildConfiguration section */
		20E35764207FDEE00038AE02 /* Debug */ = {
			isa = XCBuildConfiguration;
			buildSettings = {
				ALWAYS_SEARCH_USER_PATHS = NO;
				CLANG_ANALYZER_NONNULL = YES;
				CLANG_ANALYZER_NUMBER_OBJECT_CONVERSION = YES_AGGRESSIVE;
				CLANG_CXX_LANGUAGE_STANDARD = "gnu++14";
				CLANG_CXX_LIBRARY = "libc++";
				CLANG_ENABLE_MODULES = YES;
				CLANG_ENABLE_OBJC_ARC = YES;
				CLANG_ENABLE_OBJC_WEAK = YES;
				CLANG_WARN_BLOCK_CAPTURE_AUTORELEASING = YES;
				CLANG_WARN_BOOL_CONVERSION = YES;
				CLANG_WARN_COMMA = YES;
				CLANG_WARN_CONSTANT_CONVERSION = YES;
				CLANG_WARN_DEPRECATED_OBJC_IMPLEMENTATIONS = YES;
				CLANG_WARN_DIRECT_OBJC_ISA_USAGE = YES_ERROR;
				CLANG_WARN_DOCUMENTATION_COMMENTS = YES;
				CLANG_WARN_EMPTY_BODY = YES;
				CLANG_WARN_ENUM_CONVERSION = YES;
				CLANG_WARN_INFINITE_RECURSION = YES;
				CLANG_WARN_INT_CONVERSION = YES;
				CLANG_WARN_NON_LITERAL_NULL_CONVERSION = YES;
				CLANG_WARN_OBJC_IMPLICIT_RETAIN_SELF = YES;
				CLANG_WARN_OBJC_LITERAL_CONVERSION = YES;
				CLANG_WARN_OBJC_ROOT_CLASS = YES_ERROR;
				CLANG_WARN_RANGE_LOOP_ANALYSIS = YES;
				CLANG_WARN_STRICT_PROTOTYPES = YES;
				CLANG_WARN_SUSPICIOUS_MOVE = YES;
				CLANG_WARN_UNGUARDED_AVAILABILITY = YES_AGGRESSIVE;
				CLANG_WARN_UNREACHABLE_CODE = YES;
				CLANG_WARN__DUPLICATE_METHOD_MATCH = YES;
				CODE_SIGN_IDENTITY = "iPhone Developer";
				COPY_PHASE_STRIP = NO;
				DEBUG_INFORMATION_FORMAT = dwarf;
				ENABLE_STRICT_OBJC_MSGSEND = YES;
				ENABLE_TESTABILITY = YES;
				GCC_C_LANGUAGE_STANDARD = gnu11;
				GCC_DYNAMIC_NO_PIC = NO;
				GCC_NO_COMMON_BLOCKS = YES;
				GCC_OPTIMIZATION_LEVEL = 0;
				GCC_PREPROCESSOR_DEFINITIONS = (
					"DEBUG=1",
					"$(inherited)",
				);
				GCC_WARN_64_TO_32_BIT_CONVERSION = YES;
				GCC_WARN_ABOUT_RETURN_TYPE = YES_ERROR;
				GCC_WARN_UNDECLARED_SELECTOR = YES;
				GCC_WARN_UNINITIALIZED_AUTOS = YES_AGGRESSIVE;
				GCC_WARN_UNUSED_FUNCTION = YES;
				GCC_WARN_UNUSED_VARIABLE = YES;
				IPHONEOS_DEPLOYMENT_TARGET = 11.3;
				MTL_ENABLE_DEBUG_INFO = YES;
				ONLY_ACTIVE_ARCH = YES;
				SDKROOT = iphoneos;
				SWIFT_ACTIVE_COMPILATION_CONDITIONS = DEBUG;
				SWIFT_OPTIMIZATION_LEVEL = "-Onone";
			};
			name = Debug;
		};
		20E35765207FDEE00038AE02 /* Release */ = {
			isa = XCBuildConfiguration;
			buildSettings = {
				ALWAYS_SEARCH_USER_PATHS = NO;
				CLANG_ANALYZER_NONNULL = YES;
				CLANG_ANALYZER_NUMBER_OBJECT_CONVERSION = YES_AGGRESSIVE;
				CLANG_CXX_LANGUAGE_STANDARD = "gnu++14";
				CLANG_CXX_LIBRARY = "libc++";
				CLANG_ENABLE_MODULES = YES;
				CLANG_ENABLE_OBJC_ARC = YES;
				CLANG_ENABLE_OBJC_WEAK = YES;
				CLANG_WARN_BLOCK_CAPTURE_AUTORELEASING = YES;
				CLANG_WARN_BOOL_CONVERSION = YES;
				CLANG_WARN_COMMA = YES;
				CLANG_WARN_CONSTANT_CONVERSION = YES;
				CLANG_WARN_DEPRECATED_OBJC_IMPLEMENTATIONS = YES;
				CLANG_WARN_DIRECT_OBJC_ISA_USAGE = YES_ERROR;
				CLANG_WARN_DOCUMENTATION_COMMENTS = YES;
				CLANG_WARN_EMPTY_BODY = YES;
				CLANG_WARN_ENUM_CONVERSION = YES;
				CLANG_WARN_INFINITE_RECURSION = YES;
				CLANG_WARN_INT_CONVERSION = YES;
				CLANG_WARN_NON_LITERAL_NULL_CONVERSION = YES;
				CLANG_WARN_OBJC_IMPLICIT_RETAIN_SELF = YES;
				CLANG_WARN_OBJC_LITERAL_CONVERSION = YES;
				CLANG_WARN_OBJC_ROOT_CLASS = YES_ERROR;
				CLANG_WARN_RANGE_LOOP_ANALYSIS = YES;
				CLANG_WARN_STRICT_PROTOTYPES = YES;
				CLANG_WARN_SUSPICIOUS_MOVE = YES;
				CLANG_WARN_UNGUARDED_AVAILABILITY = YES_AGGRESSIVE;
				CLANG_WARN_UNREACHABLE_CODE = YES;
				CLANG_WARN__DUPLICATE_METHOD_MATCH = YES;
				CODE_SIGN_IDENTITY = "iPhone Developer";
				COPY_PHASE_STRIP = NO;
				DEBUG_INFORMATION_FORMAT = "dwarf-with-dsym";
				ENABLE_NS_ASSERTIONS = NO;
				ENABLE_STRICT_OBJC_MSGSEND = YES;
				GCC_C_LANGUAGE_STANDARD = gnu11;
				GCC_NO_COMMON_BLOCKS = YES;
				GCC_WARN_64_TO_32_BIT_CONVERSION = YES;
				GCC_WARN_ABOUT_RETURN_TYPE = YES_ERROR;
				GCC_WARN_UNDECLARED_SELECTOR = YES;
				GCC_WARN_UNINITIALIZED_AUTOS = YES_AGGRESSIVE;
				GCC_WARN_UNUSED_FUNCTION = YES;
				GCC_WARN_UNUSED_VARIABLE = YES;
				IPHONEOS_DEPLOYMENT_TARGET = 11.3;
				MTL_ENABLE_DEBUG_INFO = NO;
				SDKROOT = iphoneos;
				SWIFT_COMPILATION_MODE = wholemodule;
				SWIFT_OPTIMIZATION_LEVEL = "-O";
				VALIDATE_PRODUCT = YES;
			};
			name = Release;
		};
		20E35767207FDEE00038AE02 /* Debug */ = {
			isa = XCBuildConfiguration;
			baseConfigurationReference = 2F31B980F458E70F74611391 /* Pods-IrishRailRealtime.debug.xcconfig */;
			buildSettings = {
				ASSETCATALOG_COMPILER_APPICON_NAME = AppIcon;
				CODE_SIGN_STYLE = Automatic;
				DEVELOPMENT_TEAM = M65H29N762;
				INFOPLIST_FILE = "$(SRCROOT)/IrishRailRealtime/Supporting files/Info.plist";
				LD_RUNPATH_SEARCH_PATHS = (
					"$(inherited)",
					"@executable_path/Frameworks",
				);
				PRODUCT_BUNDLE_IDENTIFIER = com.amg.IrishRailRealtime;
				PRODUCT_NAME = "$(TARGET_NAME)";
				SWIFT_TREAT_WARNINGS_AS_ERRORS = YES;
				SWIFT_VERSION = 4.0;
				TARGETED_DEVICE_FAMILY = "1,2";
			};
			name = Debug;
		};
		20E35768207FDEE00038AE02 /* Release */ = {
			isa = XCBuildConfiguration;
			baseConfigurationReference = 528ED376B53A152FF4408CF4 /* Pods-IrishRailRealtime.release.xcconfig */;
			buildSettings = {
				ASSETCATALOG_COMPILER_APPICON_NAME = AppIcon;
				CODE_SIGN_STYLE = Automatic;
				DEVELOPMENT_TEAM = M65H29N762;
				INFOPLIST_FILE = "$(SRCROOT)/IrishRailRealtime/Supporting files/Info.plist";
				LD_RUNPATH_SEARCH_PATHS = (
					"$(inherited)",
					"@executable_path/Frameworks",
				);
				PRODUCT_BUNDLE_IDENTIFIER = com.amg.IrishRailRealtime;
				PRODUCT_NAME = "$(TARGET_NAME)";
				SWIFT_TREAT_WARNINGS_AS_ERRORS = YES;
				SWIFT_VERSION = 4.0;
				TARGETED_DEVICE_FAMILY = "1,2";
			};
			name = Release;
		};
		20E3576A207FDEE00038AE02 /* Debug */ = {
			isa = XCBuildConfiguration;
			baseConfigurationReference = A3F2760720BACB0F3DF3F1CD /* Pods-IrishRailRealtimeTests.debug.xcconfig */;
			buildSettings = {
				BUNDLE_LOADER = "$(TEST_HOST)";
				CODE_SIGN_STYLE = Automatic;
				DEVELOPMENT_TEAM = M65H29N762;
				INFOPLIST_FILE = IrishRailRealtimeTests/Info.plist;
				LD_RUNPATH_SEARCH_PATHS = (
					"$(inherited)",
					"@executable_path/Frameworks",
					"@loader_path/Frameworks",
				);
				PRODUCT_BUNDLE_IDENTIFIER = com.amg.IrishRailRealtimeTests;
				PRODUCT_NAME = "$(TARGET_NAME)";
				SWIFT_VERSION = 4.0;
				TARGETED_DEVICE_FAMILY = "1,2";
				TEST_HOST = "$(BUILT_PRODUCTS_DIR)/IrishRailRealtime.app/IrishRailRealtime";
			};
			name = Debug;
		};
		20E3576B207FDEE00038AE02 /* Release */ = {
			isa = XCBuildConfiguration;
			baseConfigurationReference = 6CC6101DF4BE7E5D0DC908B0 /* Pods-IrishRailRealtimeTests.release.xcconfig */;
			buildSettings = {
				BUNDLE_LOADER = "$(TEST_HOST)";
				CODE_SIGN_STYLE = Automatic;
				DEVELOPMENT_TEAM = M65H29N762;
				INFOPLIST_FILE = IrishRailRealtimeTests/Info.plist;
				LD_RUNPATH_SEARCH_PATHS = (
					"$(inherited)",
					"@executable_path/Frameworks",
					"@loader_path/Frameworks",
				);
				PRODUCT_BUNDLE_IDENTIFIER = com.amg.IrishRailRealtimeTests;
				PRODUCT_NAME = "$(TARGET_NAME)";
				SWIFT_VERSION = 4.0;
				TARGETED_DEVICE_FAMILY = "1,2";
				TEST_HOST = "$(BUILT_PRODUCTS_DIR)/IrishRailRealtime.app/IrishRailRealtime";
			};
			name = Release;
		};
/* End XCBuildConfiguration section */

/* Begin XCConfigurationList section */
		20E35744207FDEDF0038AE02 /* Build configuration list for PBXProject "IrishRailRealtime" */ = {
			isa = XCConfigurationList;
			buildConfigurations = (
				20E35764207FDEE00038AE02 /* Debug */,
				20E35765207FDEE00038AE02 /* Release */,
			);
			defaultConfigurationIsVisible = 0;
			defaultConfigurationName = Release;
		};
		20E35766207FDEE00038AE02 /* Build configuration list for PBXNativeTarget "IrishRailRealtime" */ = {
			isa = XCConfigurationList;
			buildConfigurations = (
				20E35767207FDEE00038AE02 /* Debug */,
				20E35768207FDEE00038AE02 /* Release */,
			);
			defaultConfigurationIsVisible = 0;
			defaultConfigurationName = Release;
		};
		20E35769207FDEE00038AE02 /* Build configuration list for PBXNativeTarget "IrishRailRealtimeTests" */ = {
			isa = XCConfigurationList;
			buildConfigurations = (
				20E3576A207FDEE00038AE02 /* Debug */,
				20E3576B207FDEE00038AE02 /* Release */,
			);
			defaultConfigurationIsVisible = 0;
			defaultConfigurationName = Release;
		};
/* End XCConfigurationList section */
	};
	rootObject = 20E35741207FDEDF0038AE02 /* Project object */;
}
